
Microsoft Visual Studio Solution File, Format Version 12.00
# Visual Studio Version 17
VisualStudioVersion = 17.14.36705.20 d17.14
MinimumVisualStudioVersion = 10.0.40219.1
Project("{FAE04EC0-301F-11D3-BF4B-00C04F79EFBC}") = "votegdgc", "votegdgc.csproj", "{FCC243DE-0137-442E-8A1E-BAB1CBDF9B0A}"
EndProject
Global
	GlobalSection(SolutionConfigurationPlatforms) = preSolution
		Debug|Any CPU = Debug|Any CPU
		Release|Any CPU = Release|Any CPU
	EndGlobalSection
	GlobalSection(ProjectConfigurationPlatforms) = postSolution
		{FCC243DE-0137-442E-8A1E-BAB1CBDF9B0A}.Debug|Any CPU.ActiveCfg = Debug|Any CPU
		{FCC243DE-0137-442E-8A1E-BAB1CBDF9B0A}.Debug|Any CPU.Build.0 = Debug|Any CPU
		{FCC243DE-0137-442E-8A1E-BAB1CBDF9B0A}.Release|Any CPU.ActiveCfg = Release|Any CPU
		{FCC243DE-0137-442E-8A1E-BAB1CBDF9B0A}.Release|Any CPU.Build.0 = Release|Any CPU
	EndGlobalSection
	GlobalSection(SolutionProperties) = preSolution
		HideSolutionNode = FALSE
	EndGlobalSection
	GlobalSection(ExtensibilityGlobals) = postSolution
		SolutionGuid = {50A2D357-7D6D-4839-8B0D-B91E272EB17E}
	EndGlobalSection
EndGlobal
